
Microsoft Visual Studio Solution File, Format Version 12.00
Project("{FAE04EC0-301F-11D3-BF4B-00C04F79EFBC}") = "JoppesHundar_uppgift", "JoppesHundar_uppgift\JoppesHundar_uppgift.csproj", "{DE731CE5-B544-49C4-9D22-9DFD05229BA4}"
EndProject
Project("{FAE04EC0-301F-11D3-BF4B-00C04F79EFBC}") = "WinFormsApp1", "WinFormsApp1\WinFormsApp1.csproj", "{BA0BAC70-6E41-45CE-939C-8B35F45758A7}"
EndProject
Global
	GlobalSection(SolutionConfigurationPlatforms) = preSolution
		Debug|Any CPU = Debug|Any CPU
		Release|Any CPU = Release|Any CPU
	EndGlobalSection
	GlobalSection(ProjectConfigurationPlatforms) = postSolution
		{DE731CE5-B544-49C4-9D22-9DFD05229BA4}.Debug|Any CPU.ActiveCfg = Debug|Any CPU
		{DE731CE5-B544-49C4-9D22-9DFD05229BA4}.Debug|Any CPU.Build.0 = Debug|Any CPU
		{DE731CE5-B544-49C4-9D22-9DFD05229BA4}.Release|Any CPU.ActiveCfg = Release|Any CPU
		{DE731CE5-B544-49C4-9D22-9DFD05229BA4}.Release|Any CPU.Build.0 = Release|Any CPU
		{BA0BAC70-6E41-45CE-939C-8B35F45758A7}.Debug|Any CPU.ActiveCfg = Debug|Any CPU
		{BA0BAC70-6E41-45CE-939C-8B35F45758A7}.Debug|Any CPU.Build.0 = Debug|Any CPU
		{BA0BAC70-6E41-45CE-939C-8B35F45758A7}.Release|Any CPU.ActiveCfg = Release|Any CPU
		{BA0BAC70-6E41-45CE-939C-8B35F45758A7}.Release|Any CPU.Build.0 = Release|Any CPU
	EndGlobalSection
EndGlobal
